// !$*UTF8*$!
{
	archiveVersion = 1;
	classes = {
	};
	objectVersion = 50;
	objects = {

/* Begin PBXBuildFile section */
		13A794092127E2B90009BA3B /* AppDelegate.swift in Sources */ = {isa = PBXBuildFile; fileRef = 13A794082127E2B90009BA3B /* AppDelegate.swift */; };
		13A7940B2127E2B90009BA3B /* WeatherViewController.swift in Sources */ = {isa = PBXBuildFile; fileRef = 13A7940A2127E2B90009BA3B /* WeatherViewController.swift */; };
		13A7940E2127E2B90009BA3B /* Main.storyboard in Resources */ = {isa = PBXBuildFile; fileRef = 13A7940C2127E2B90009BA3B /* Main.storyboard */; };
		13A794112127E2B90009BA3B /* Weather.xcdatamodeld in Sources */ = {isa = PBXBuildFile; fileRef = 13A7940F2127E2B90009BA3B /* Weather.xcdatamodeld */; };
		13A794162127E2BB0009BA3B /* LaunchScreen.storyboard in Resources */ = {isa = PBXBuildFile; fileRef = 13A794142127E2BB0009BA3B /* LaunchScreen.storyboard */; };
		13A794282127E9DE0009BA3B /* Images.xcassets in Resources */ = {isa = PBXBuildFile; fileRef = 13A794272127E9DE0009BA3B /* Images.xcassets */; };
		13D3261C2127F51400EA365C /* Weather.swift in Sources */ = {isa = PBXBuildFile; fileRef = 13D3261B2127F51400EA365C /* Weather.swift */; };
		13F303402128562E00653CE8 /* CityViewController.swift in Sources */ = {isa = PBXBuildFile; fileRef = 13F3033F2128562E00653CE8 /* CityViewController.swift */; };
		413663CFE3595859230CCB6C /* Pods_Weather.framework in Frameworks */ = {isa = PBXBuildFile; fileRef = 1A7CA7319FDEF24A4F01B514 /* Pods_Weather.framework */; };
/* End PBXBuildFile section */

/* Begin PBXFileReference section */
		13A794052127E2B90009BA3B /* Weather.app */ = {isa = PBXFileReference; explicitFileType = wrapper.application; includeInIndex = 0; path = Weather.app; sourceTree = BUILT_PRODUCTS_DIR; };
		13A794082127E2B90009BA3B /* AppDelegate.swift */ = {isa = PBXFileReference; lastKnownFileType = sourcecode.swift; path = AppDelegate.swift; sourceTree = "<group>"; };
		13A7940A2127E2B90009BA3B /* WeatherViewController.swift */ = {isa = PBXFileReference; lastKnownFileType = sourcecode.swift; path = WeatherViewController.swift; sourceTree = "<group>"; };
		13A7940D2127E2B90009BA3B /* Base */ = {isa = PBXFileReference; lastKnownFileType = file.storyboard; name = Base; path = Base.lproj/Main.storyboard; sourceTree = "<group>"; };
		13A794102127E2B90009BA3B /* Weather.xcdatamodel */ = {isa = PBXFileReference; lastKnownFileType = wrapper.xcdatamodel; path = Weather.xcdatamodel; sourceTree = "<group>"; };
		13A794152127E2BB0009BA3B /* Base */ = {isa = PBXFileReference; lastKnownFileType = file.storyboard; name = Base; path = Base.lproj/LaunchScreen.storyboard; sourceTree = "<group>"; };
		13A794172127E2BB0009BA3B /* Info.plist */ = {isa = PBXFileReference; lastKnownFileType = text.plist.xml; path = Info.plist; sourceTree = "<group>"; };
		13A794272127E9DE0009BA3B /* Images.xcassets */ = {isa = PBXFileReference; lastKnownFileType = folder.assetcatalog; path = Images.xcassets; sourceTree = "<group>"; };
		13D3261B2127F51400EA365C /* Weather.swift */ = {isa = PBXFileReference; lastKnownFileType = sourcecode.swift; path = Weather.swift; sourceTree = "<group>"; };
		13F3033F2128562E00653CE8 /* CityViewController.swift */ = {isa = PBXFileReference; lastKnownFileType = sourcecode.swift; path = CityViewController.swift; sourceTree = "<group>"; };
		1A7CA7319FDEF24A4F01B514 /* Pods_Weather.framework */ = {isa = PBXFileReference; explicitFileType = wrapper.framework; includeInIndex = 0; path = Pods_Weather.framework; sourceTree = BUILT_PRODUCTS_DIR; };
		C589D295B13D59D67BC554E7 /* Pods-Weather.release.xcconfig */ = {isa = PBXFileReference; includeInIndex = 1; lastKnownFileType = text.xcconfig; name = "Pods-Weather.release.xcconfig"; path = "Pods/Target Support Files/Pods-Weather/Pods-Weather.release.xcconfig"; sourceTree = "<group>"; };
		FC53C2486EFADF9578D52815 /* Pods-Weather.debug.xcconfig */ = {isa = PBXFileReference; includeInIndex = 1; lastKnownFileType = text.xcconfig; name = "Pods-Weather.debug.xcconfig"; path = "Pods/Target Support Files/Pods-Weather/Pods-Weather.debug.xcconfig"; sourceTree = "<group>"; };
/* End PBXFileReference section */

/* Begin PBXFrameworksBuildPhase section */
		13A794022127E2B90009BA3B /* Frameworks */ = {
			isa = PBXFrameworksBuildPhase;
			buildActionMask = 2147483647;
			files = (
				413663CFE3595859230CCB6C /* Pods_Weather.framework in Frameworks */,
			);
			runOnlyForDeploymentPostprocessing = 0;
		};
/* End PBXFrameworksBuildPhase section */

/* Begin PBXGroup section */
		13A793FC2127E2B90009BA3B = {
			isa = PBXGroup;
			children = (
				13A794072127E2B90009BA3B /* Weather */,
				13A794062127E2B90009BA3B /* Products */,
				37349F5985E6FC7BEA95B65C /* Pods */,
				311A555EA288435D8E1123DE /* Frameworks */,
			);
			sourceTree = "<group>";
		};
		13A794062127E2B90009BA3B /* Products */ = {
			isa = PBXGroup;
			children = (
				13A794052127E2B90009BA3B /* Weather.app */,
			);
			name = Products;
			sourceTree = "<group>";
		};
		13A794072127E2B90009BA3B /* Weather */ = {
			isa = PBXGroup;
			children = (
				13D3261A2127F50000EA365C /* Model */,
				13A7941D2127E3090009BA3B /* Controller */,
				13A794212127E42B0009BA3B /* DataModel */,
				13A794272127E9DE0009BA3B /* Images.xcassets */,
				13A794202127E33E0009BA3B /* Supporting Files */,
				13A7941E2127E3220009BA3B /* View */,
			);
			path = Weather;
			sourceTree = "<group>";
		};
		13A7941D2127E3090009BA3B /* Controller */ = {
			isa = PBXGroup;
			children = (
				13A794082127E2B90009BA3B /* AppDelegate.swift */,
				13A7940A2127E2B90009BA3B /* WeatherViewController.swift */,
				13F3033F2128562E00653CE8 /* CityViewController.swift */,
			);
			path = Controller;
			sourceTree = "<group>";
		};
		13A7941E2127E3220009BA3B /* View */ = {
			isa = PBXGroup;
			children = (
				13A7940C2127E2B90009BA3B /* Main.storyboard */,
				13A794142127E2BB0009BA3B /* LaunchScreen.storyboard */,
			);
			path = View;
			sourceTree = "<group>";
		};
		13A794202127E33E0009BA3B /* Supporting Files */ = {
			isa = PBXGroup;
			children = (
				13A794172127E2BB0009BA3B /* Info.plist */,
			);
			path = "Supporting Files";
			sourceTree = "<group>";
		};
		13A794212127E42B0009BA3B /* DataModel */ = {
			isa = PBXGroup;
			children = (
				13A7940F2127E2B90009BA3B /* Weather.xcdatamodeld */,
			);
			path = DataModel;
			sourceTree = "<group>";
		};
		13D3261A2127F50000EA365C /* Model */ = {
			isa = PBXGroup;
			children = (
				13D3261B2127F51400EA365C /* Weather.swift */,
			);
			path = Model;
			sourceTree = "<group>";
		};
		311A555EA288435D8E1123DE /* Frameworks */ = {
			isa = PBXGroup;
			children = (
				1A7CA7319FDEF24A4F01B514 /* Pods_Weather.framework */,
			);
			name = Frameworks;
			sourceTree = "<group>";
		};
		37349F5985E6FC7BEA95B65C /* Pods */ = {
			isa = PBXGroup;
			children = (
				FC53C2486EFADF9578D52815 /* Pods-Weather.debug.xcconfig */,
				C589D295B13D59D67BC554E7 /* Pods-Weather.release.xcconfig */,
			);
			name = Pods;
			sourceTree = "<group>";
		};
/* End PBXGroup section */

/* Begin PBXNativeTarget section */
		13A794042127E2B90009BA3B /* Weather */ = {
			isa = PBXNativeTarget;
			buildConfigurationList = 13A7941A2127E2BB0009BA3B /* Build configuration list for PBXNativeTarget "Weather" */;
			buildPhases = (
				85F1E7192B46792821AD4C7F /* [CP] Check Pods Manifest.lock */,
				13A794012127E2B90009BA3B /* Sources */,
				13A794022127E2B90009BA3B /* Frameworks */,
				13A794032127E2B90009BA3B /* Resources */,
				2491484CEDC0FB4C72F996A2 /* [CP] Embed Pods Frameworks */,
			);
			buildRules = (
			);
			dependencies = (
			);
			name = Weather;
			productName = Weather;
			productReference = 13A794052127E2B90009BA3B /* Weather.app */;
			productType = "com.apple.product-type.application";
		};
/* End PBXNativeTarget section */

/* Begin PBXProject section */
		13A793FD2127E2B90009BA3B /* Project object */ = {
			isa = PBXProject;
			attributes = {
				LastSwiftUpdateCheck = 0940;
				LastUpgradeCheck = 0940;
				ORGANIZATIONNAME = "Chuck Fishman";
				TargetAttributes = {
					13A794042127E2B90009BA3B = {
						CreatedOnToolsVersion = 9.4.1;
					};
				};
			};
			buildConfigurationList = 13A794002127E2B90009BA3B /* Build configuration list for PBXProject "Weather" */;
			compatibilityVersion = "Xcode 9.3";
			developmentRegion = en;
			hasScannedForEncodings = 0;
			knownRegions = (
				en,
				Base,
			);
			mainGroup = 13A793FC2127E2B90009BA3B;
			productRefGroup = 13A794062127E2B90009BA3B /* Products */;
			projectDirPath = "";
			projectRoot = "";
			targets = (
				13A794042127E2B90009BA3B /* Weather */,
			);
		};
/* End PBXProject section */

/* Begin PBXResourcesBuildPhase section */
		13A794032127E2B90009BA3B /* Resources */ = {
			isa = PBXResourcesBuildPhase;
			buildActionMask = 2147483647;
			files = (
				13A794282127E9DE0009BA3B /* Images.xcassets in Resources */,
				13A794162127E2BB0009BA3B /* LaunchScreen.storyboard in Resources */,
				13A7940E2127E2B90009BA3B /* Main.storyboard in Resources */,
			);
			runOnlyForDeploymentPostprocessing = 0;
		};
/* End PBXResourcesBuildPhase section */

/* Begin PBXShellScriptBuildPhase section */
		2491484CEDC0FB4C72F996A2 /* [CP] Embed Pods Frameworks */ = {
			isa = PBXShellScriptBuildPhase;
			buildActionMask = 2147483647;
			files = (
			);
			inputPaths = (
				"${SRCROOT}/Pods/Target Support Files/Pods-Weather/Pods-Weather-frameworks.sh",
				"${BUILT_PRODUCTS_DIR}/Alamofire/Alamofire.framework",
				"${BUILT_PRODUCTS_DIR}/SwiftyJSON/SwiftyJSON.framework",
			);
			name = "[CP] Embed Pods Frameworks";
			outputPaths = (
				"${TARGET_BUILD_DIR}/${FRAMEWORKS_FOLDER_PATH}/Alamofire.framework",
				"${TARGET_BUILD_DIR}/${FRAMEWORKS_FOLDER_PATH}/SwiftyJSON.framework",
			);
			runOnlyForDeploymentPostprocessing = 0;
			shellPath = /bin/sh;
			shellScript = "\"${SRCROOT}/Pods/Target Support Files/Pods-Weather/Pods-Weather-frameworks.sh\"\n";
			showEnvVarsInLog = 0;
		};
		85F1E7192B46792821AD4C7F /* [CP] Check Pods Manifest.lock */ = {
			isa = PBXShellScriptBuildPhase;
			buildActionMask = 2147483647;
			files = (
			);
			inputPaths = (
				"${PODS_PODFILE_DIR_PATH}/Podfile.lock",
				"${PODS_ROOT}/Manifest.lock",
			);
			name = "[CP] Check Pods Manifest.lock";
			outputPaths = (
				"$(DERIVED_FILE_DIR)/Pods-Weather-checkManifestLockResult.txt",
			);
			runOnlyForDeploymentPostprocessing = 0;
			shellPath = /bin/sh;
			shellScript = "diff \"${PODS_PODFILE_DIR_PATH}/Podfile.lock\" \"${PODS_ROOT}/Manifest.lock\" > /dev/null\nif [ $? != 0 ] ; then\n    # print error to STDERR\n    echo \"error: The sandbox is not in sync with the Podfile.lock. Run 'pod install' or update your CocoaPods installation.\" >&2\n    exit 1\nfi\n# This output is used by Xcode 'outputs' to avoid re-running this script phase.\necho \"SUCCESS\" > \"${SCRIPT_OUTPUT_FILE_0}\"\n";
			showEnvVarsInLog = 0;
		};
/* End PBXShellScriptBuildPhase section */

/* Begin PBXSourcesBuildPhase section */
		13A794012127E2B90009BA3B /* Sources */ = {
			isa = PBXSourcesBuildPhase;
			buildActionMask = 2147483647;
			files = (
				13D3261C2127F51400EA365C /* Weather.swift in Sources */,
				13F303402128562E00653CE8 /* CityViewController.swift in Sources */,
				13A794112127E2B90009BA3B /* Weather.xcdatamodeld in Sources */,
				13A7940B2127E2B90009BA3B /* WeatherViewController.swift in Sources */,
				13A794092127E2B90009BA3B /* AppDelegate.swift in Sources */,
			);
			runOnlyForDeploymentPostprocessing = 0;
		};
/* End PBXSourcesBuildPhase section */

/* Begin PBXVariantGroup section */
		13A7940C2127E2B90009BA3B /* Main.storyboard */ = {
			isa = PBXVariantGroup;
			children = (
				13A7940D2127E2B90009BA3B /* Base */,
			);
			name = Main.storyboard;
			sourceTree = "<group>";
		};
		13A794142127E2BB0009BA3B /* LaunchScreen.storyboard */ = {
			isa = PBXVariantGroup;
			children = (
				13A794152127E2BB0009BA3B /* Base */,
			);
			name = LaunchScreen.storyboard;
			sourceTree = "<group>";
		};
/* End PBXVariantGroup section */

/* Begin XCBuildConfiguration section */
		13A794182127E2BB0009BA3B /* Debug */ = {
			isa = XCBuildConfiguration;
			buildSettings = {
				ALWAYS_SEARCH_USER_PATHS = NO;
				CLANG_ANALYZER_NONNULL = YES;
				CLANG_ANALYZER_NUMBER_OBJECT_CONVERSION = YES_AGGRESSIVE;
				CLANG_CXX_LANGUAGE_STANDARD = "gnu++14";
				CLANG_CXX_LIBRARY = "libc++";
				CLANG_ENABLE_MODULES = YES;
				CLANG_ENABLE_OBJC_ARC = YES;
				CLANG_ENABLE_OBJC_WEAK = YES;
				CLANG_WARN_BLOCK_CAPTURE_AUTORELEASING = YES;
				CLANG_WARN_BOOL_CONVERSION = YES;
				CLANG_WARN_COMMA = YES;
				CLANG_WARN_CONSTANT_CONVERSION = YES;
				CLANG_WARN_DEPRECATED_OBJC_IMPLEMENTATIONS = YES;
				CLANG_WARN_DIRECT_OBJC_ISA_USAGE = YES_ERROR;
				CLANG_WARN_DOCUMENTATION_COMMENTS = YES;
				CLANG_WARN_EMPTY_BODY = YES;
				CLANG_WARN_ENUM_CONVERSION = YES;
				CLANG_WARN_INFINITE_RECURSION = YES;
				CLANG_WARN_INT_CONVERSION = YES;
				CLANG_WARN_NON_LITERAL_NULL_CONVERSION = YES;
				CLANG_WARN_OBJC_IMPLICIT_RETAIN_SELF = YES;
				CLANG_WARN_OBJC_LITERAL_CONVERSION = YES;
				CLANG_WARN_OBJC_ROOT_CLASS = YES_ERROR;
				CLANG_WARN_RANGE_LOOP_ANALYSIS = YES;
				CLANG_WARN_STRICT_PROTOTYPES = YES;
				CLANG_WARN_SUSPICIOUS_MOVE = YES;
				CLANG_WARN_UNGUARDED_AVAILABILITY = YES_AGGRESSIVE;
				CLANG_WARN_UNREACHABLE_CODE = YES;
				CLANG_WARN__DUPLICATE_METHOD_MATCH = YES;
				CODE_SIGN_IDENTITY = "iPhone Developer";
				COPY_PHASE_STRIP = NO;
				DEBUG_INFORMATION_FORMAT = dwarf;
				ENABLE_STRICT_OBJC_MSGSEND = YES;
				ENABLE_TESTABILITY = YES;
				GCC_C_LANGUAGE_STANDARD = gnu11;
				GCC_DYNAMIC_NO_PIC = NO;
				GCC_NO_COMMON_BLOCKS = YES;
				GCC_OPTIMIZATION_LEVEL = 0;
				GCC_PREPROCESSOR_DEFINITIONS = (
					"DEBUG=1",
					"$(inherited)",
				);
				GCC_WARN_64_TO_32_BIT_CONVERSION = YES;
				GCC_WARN_ABOUT_RETURN_TYPE = YES_ERROR;
				GCC_WARN_UNDECLARED_SELECTOR = YES;
				GCC_WARN_UNINITIALIZED_AUTOS = YES_AGGRESSIVE;
				GCC_WARN_UNUSED_FUNCTION = YES;
				GCC_WARN_UNUSED_VARIABLE = YES;
				IPHONEOS_DEPLOYMENT_TARGET = 11.4;
				MTL_ENABLE_DEBUG_INFO = YES;
				ONLY_ACTIVE_ARCH = YES;
				SDKROOT = iphoneos;
				SWIFT_ACTIVE_COMPILATION_CONDITIONS = DEBUG;
				SWIFT_OPTIMIZATION_LEVEL = "-Onone";
			};
			name = Debug;
		};
		13A794192127E2BB0009BA3B /* Release */ = {
			isa = XCBuildConfiguration;
			buildSettings = {
				ALWAYS_SEARCH_USER_PATHS = NO;
				CLANG_ANALYZER_NONNULL = YES;
				CLANG_ANALYZER_NUMBER_OBJECT_CONVERSION = YES_AGGRESSIVE;
				CLANG_CXX_LANGUAGE_STANDARD = "gnu++14";
				CLANG_CXX_LIBRARY = "libc++";
				CLANG_ENABLE_MODULES = YES;
				CLANG_ENABLE_OBJC_ARC = YES;
				CLANG_ENABLE_OBJC_WEAK = YES;
				CLANG_WARN_BLOCK_CAPTURE_AUTORELEASING = YES;
				CLANG_WARN_BOOL_CONVERSION = YES;
				CLANG_WARN_COMMA = YES;
				CLANG_WARN_CONSTANT_CONVERSION = YES;
				CLANG_WARN_DEPRECATED_OBJC_IMPLEMENTATIONS = YES;
				CLANG_WARN_DIRECT_OBJC_ISA_USAGE = YES_ERROR;
				CLANG_WARN_DOCUMENTATION_COMMENTS = YES;
				CLANG_WARN_EMPTY_BODY = YES;
				CLANG_WARN_ENUM_CONVERSION = YES;
				CLANG_WARN_INFINITE_RECURSION = YES;
				CLANG_WARN_INT_CONVERSION = YES;
				CLANG_WARN_NON_LITERAL_NULL_CONVERSION = YES;
				CLANG_WARN_OBJC_IMPLICIT_RETAIN_SELF = YES;
				CLANG_WARN_OBJC_LITERAL_CONVERSION = YES;
				CLANG_WARN_OBJC_ROOT_CLASS = YES_ERROR;
				CLANG_WARN_RANGE_LOOP_ANALYSIS = YES;
				CLANG_WARN_STRICT_PROTOTYPES = YES;
				CLANG_WARN_SUSPICIOUS_MOVE = YES;
				CLANG_WARN_UNGUARDED_AVAILABILITY = YES_AGGRESSIVE;
				CLANG_WARN_UNREACHABLE_CODE = YES;
				CLANG_WARN__DUPLICATE_METHOD_MATCH = YES;
				CODE_SIGN_IDENTITY = "iPhone Developer";
				COPY_PHASE_STRIP = NO;
				DEBUG_INFORMATION_FORMAT = "dwarf-with-dsym";
				ENABLE_NS_ASSERTIONS = NO;
				ENABLE_STRICT_OBJC_MSGSEND = YES;
				GCC_C_LANGUAGE_STANDARD = gnu11;
				GCC_NO_COMMON_BLOCKS = YES;
				GCC_WARN_64_TO_32_BIT_CONVERSION = YES;
				GCC_WARN_ABOUT_RETURN_TYPE = YES_ERROR;
				GCC_WARN_UNDECLARED_SELECTOR = YES;
				GCC_WARN_UNINITIALIZED_AUTOS = YES_AGGRESSIVE;
				GCC_WARN_UNUSED_FUNCTION = YES;
				GCC_WARN_UNUSED_VARIABLE = YES;
				IPHONEOS_DEPLOYMENT_TARGET = 11.4;
				MTL_ENABLE_DEBUG_INFO = NO;
				SDKROOT = iphoneos;
				SWIFT_COMPILATION_MODE = wholemodule;
				SWIFT_OPTIMIZATION_LEVEL = "-O";
				VALIDATE_PRODUCT = YES;
			};
			name = Release;
		};
		13A7941B2127E2BB0009BA3B /* Debug */ = {
			isa = XCBuildConfiguration;
			baseConfigurationReference = FC53C2486EFADF9578D52815 /* Pods-Weather.debug.xcconfig */;
			buildSettings = {
				ASSETCATALOG_COMPILER_APPICON_NAME = AppIcon;
				CODE_SIGN_STYLE = Automatic;
				DEVELOPMENT_TEAM = 45AXJW8WTB;
				INFOPLIST_FILE = "Weather/Supporting Files/Info.plist";
				LD_RUNPATH_SEARCH_PATHS = (
					"$(inherited)",
					"@executable_path/Frameworks",
				);
				PRODUCT_BUNDLE_IDENTIFIER = com.travelcf.Weather;
				PRODUCT_NAME = "$(TARGET_NAME)";
				SWIFT_VERSION = 4.0;
				TARGETED_DEVICE_FAMILY = 1;
			};
			name = Debug;
		};
		13A7941C2127E2BB0009BA3B /* Release */ = {
			isa = XCBuildConfiguration;
			baseConfigurationReference = C589D295B13D59D67BC554E7 /* Pods-Weather.release.xcconfig */;
			buildSettings = {
				ASSETCATALOG_COMPILER_APPICON_NAME = AppIcon;
				CODE_SIGN_STYLE = Automatic;
				DEVELOPMENT_TEAM = 45AXJW8WTB;
				INFOPLIST_FILE = "Weather/Supporting Files/Info.plist";
				LD_RUNPATH_SEARCH_PATHS = (
					"$(inherited)",
					"@executable_path/Frameworks",
				);
				PRODUCT_BUNDLE_IDENTIFIER = com.travelcf.Weather;
				PRODUCT_NAME = "$(TARGET_NAME)";
				SWIFT_VERSION = 4.0;
				TARGETED_DEVICE_FAMILY = 1;
			};
			name = Release;
		};
/* End XCBuildConfiguration section */

/* Begin XCConfigurationList section */
		13A794002127E2B90009BA3B /* Build configuration list for PBXProject "Weather" */ = {
			isa = XCConfigurationList;
			buildConfigurations = (
				13A794182127E2BB0009BA3B /* Debug */,
				13A794192127E2BB0009BA3B /* Release */,
			);
			defaultConfigurationIsVisible = 0;
			defaultConfigurationName = Release;
		};
		13A7941A2127E2BB0009BA3B /* Build configuration list for PBXNativeTarget "Weather" */ = {
			isa = XCConfigurationList;
			buildConfigurations = (
				13A7941B2127E2BB0009BA3B /* Debug */,
				13A7941C2127E2BB0009BA3B /* Release */,
			);
			defaultConfigurationIsVisible = 0;
			defaultConfigurationName = Release;
		};
/* End XCConfigurationList section */

/* Begin XCVersionGroup section */
		13A7940F2127E2B90009BA3B /* Weather.xcdatamodeld */ = {
			isa = XCVersionGroup;
			children = (
				13A794102127E2B90009BA3B /* Weather.xcdatamodel */,
			);
			currentVersion = 13A794102127E2B90009BA3B /* Weather.xcdatamodel */;
			path = Weather.xcdatamodeld;
			sourceTree = "<group>";
			versionGroupType = wrapper.xcdatamodel;
		};
/* End XCVersionGroup section */
	};
	rootObject = 13A793FD2127E2B90009BA3B /* Project object */;
}
